
Microsoft Visual Studio Solution File, Format Version 12.00
# Visual Studio Version 16
VisualStudioVersion = 16.0.31605.320
MinimumVisualStudioVersion = 10.0.40219.1
Project("{FAE04EC0-301F-11D3-BF4B-00C04F79EFBC}") = "Math", "Math\Math.csproj", "{9DF06A47-8906-4100-9ACB-A7FC03A6EC3A}"
EndProject
Global
	GlobalSection(SolutionConfigurationPlatforms) = preSolution
		Debug|Any CPU = Debug|Any CPU
		Release|Any CPU = Release|Any CPU
	EndGlobalSection
	GlobalSection(ProjectConfigurationPlatforms) = postSolution
		{9DF06A47-8906-4100-9ACB-A7FC03A6EC3A}.Debug|Any CPU.ActiveCfg = Debug|Any CPU
		{9DF06A47-8906-4100-9ACB-A7FC03A6EC3A}.Debug|Any CPU.Build.0 = Debug|Any CPU
		{9DF06A47-8906-4100-9ACB-A7FC03A6EC3A}.Release|Any CPU.ActiveCfg = Release|Any CPU
		{9DF06A47-8906-4100-9ACB-A7FC03A6EC3A}.Release|Any CPU.Build.0 = Release|Any CPU
	EndGlobalSection
	GlobalSection(SolutionProperties) = preSolution
		HideSolutionNode = FALSE
	EndGlobalSection
	GlobalSection(ExtensibilityGlobals) = postSolution
		SolutionGuid = {48DF8FEF-E729-45E6-8B4E-F9EB24990288}
	EndGlobalSection
EndGlobal
